
Microsoft Visual Studio Solution File, Format Version 12.00
# Visual Studio Version 17
VisualStudioVersion = 17.8.34525.116
MinimumVisualStudioVersion = 10.0.40219.1
Project("{8BC9CEB8-8B4A-11D0-8D11-00A0C91BC942}") = "Tarea01_RaulAlfaro_DiegoAraya", "Tarea01_RaulAlfaro_DiegoAraya.vcxproj", "{BE4DCB41-D0C5-4566-8005-E3563345B01C}"
EndProject
Global
	GlobalSection(SolutionConfigurationPlatforms) = preSolution
		Debug|x64 = Debug|x64
		Debug|x86 = Debug|x86
		Release|x64 = Release|x64
		Release|x86 = Release|x86
	EndGlobalSection
	GlobalSection(ProjectConfigurationPlatforms) = postSolution
		{BE4DCB41-D0C5-4566-8005-E3563345B01C}.Debug|x64.ActiveCfg = Debug|x64
		{BE4DCB41-D0C5-4566-8005-E3563345B01C}.Debug|x64.Build.0 = Debug|x64
		{BE4DCB41-D0C5-4566-8005-E3563345B01C}.Debug|x86.ActiveCfg = Debug|Win32
		{BE4DCB41-D0C5-4566-8005-E3563345B01C}.Debug|x86.Build.0 = Debug|Win32
		{BE4DCB41-D0C5-4566-8005-E3563345B01C}.Release|x64.ActiveCfg = Release|x64
		{BE4DCB41-D0C5-4566-8005-E3563345B01C}.Release|x64.Build.0 = Release|x64
		{BE4DCB41-D0C5-4566-8005-E3563345B01C}.Release|x86.ActiveCfg = Release|Win32
		{BE4DCB41-D0C5-4566-8005-E3563345B01C}.Release|x86.Build.0 = Release|Win32
	EndGlobalSection
	GlobalSection(SolutionProperties) = preSolution
		HideSolutionNode = FALSE
	EndGlobalSection
	GlobalSection(ExtensibilityGlobals) = postSolution
		SolutionGuid = {45ABD5EE-85B8-45D8-9CAE-DE57DE99CEAB}
	EndGlobalSection
EndGlobal
